{
  "requires": true,
  "lockfileVersion": 1,
  "dependencies": {
    "google-maps": {
      "version": "3.3.0",
      "resolved": "https://registry.npmjs.org/google-maps/-/google-maps-3.3.0.tgz",
      "integrity": "sha512-pj4En0cWKG+lcBvC7qrzu5ItiMsYNTgjG2capsPzAbAM/O8ftugGpUUftTTwdGL8KlNvB4CEZ6IBWwpWYzUEpw=="
    }
  }
}
